// !$*UTF8*$!
{
	archiveVersion = 1;
	classes = {
	};
	objectVersion = 56;
	objects = {

/* Begin PBXBuildFile section */
		19E974FA2C50D2E000F94F9C /* Splash_ScreenApp.swift in Sources */ = {isa = PBXBuildFile; fileRef = 19E974F92C50D2E000F94F9C /* Splash_ScreenApp.swift */; };
		19E974FC2C50D2E000F94F9C /* ContentView.swift in Sources */ = {isa = PBXBuildFile; fileRef = 19E974FB2C50D2E000F94F9C /* ContentView.swift */; };
		19E974FE2C50D2E100F94F9C /* Assets.xcassets in Resources */ = {isa = PBXBuildFile; fileRef = 19E974FD2C50D2E100F94F9C /* Assets.xcassets */; };
		19E975012C50D2E100F94F9C /* Preview Assets.xcassets in Resources */ = {isa = PBXBuildFile; fileRef = 19E975002C50D2E100F94F9C /* Preview Assets.xcassets */; };
		19E9750B2C50D2E100F94F9C /* Splash_ScreenTests.swift in Sources */ = {isa = PBXBuildFile; fileRef = 19E9750A2C50D2E100F94F9C /* Splash_ScreenTests.swift */; };
		19E975152C50D2E100F94F9C /* Splash_ScreenUITests.swift in Sources */ = {isa = PBXBuildFile; fileRef = 19E975142C50D2E100F94F9C /* Splash_ScreenUITests.swift */; };
		19E975172C50D2E100F94F9C /* Splash_ScreenUITestsLaunchTests.swift in Sources */ = {isa = PBXBuildFile; fileRef = 19E975162C50D2E100F94F9C /* Splash_ScreenUITestsLaunchTests.swift */; };
/* End PBXBuildFile section */

/* Begin PBXContainerItemProxy section */
		19E975072C50D2E100F94F9C /* PBXContainerItemProxy */ = {
			isa = PBXContainerItemProxy;
			containerPortal = 19E974EE2C50D2E000F94F9C /* Project object */;
			proxyType = 1;
			remoteGlobalIDString = 19E974F52C50D2E000F94F9C;
			remoteInfo = Splash_Screen;
		};
		19E975112C50D2E100F94F9C /* PBXContainerItemProxy */ = {
			isa = PBXContainerItemProxy;
			containerPortal = 19E974EE2C50D2E000F94F9C /* Project object */;
			proxyType = 1;
			remoteGlobalIDString = 19E974F52C50D2E000F94F9C;
			remoteInfo = Splash_Screen;
		};
/* End PBXContainerItemProxy section */

/* Begin PBXFileReference section */
		19E974F62C50D2E000F94F9C /* Splash_Screen.app */ = {isa = PBXFileReference; explicitFileType = wrapper.application; includeInIndex = 0; path = Splash_Screen.app; sourceTree = BUILT_PRODUCTS_DIR; };
		19E974F92C50D2E000F94F9C /* Splash_ScreenApp.swift */ = {isa = PBXFileReference; lastKnownFileType = sourcecode.swift; path = Splash_ScreenApp.swift; sourceTree = "<group>"; };
		19E974FB2C50D2E000F94F9C /* ContentView.swift */ = {isa = PBXFileReference; lastKnownFileType = sourcecode.swift; path = ContentView.swift; sourceTree = "<group>"; };
		19E974FD2C50D2E100F94F9C /* Assets.xcassets */ = {isa = PBXFileReference; lastKnownFileType = folder.assetcatalog; path = Assets.xcassets; sourceTree = "<group>"; };
		19E975002C50D2E100F94F9C /* Preview Assets.xcassets */ = {isa = PBXFileReference; lastKnownFileType = folder.assetcatalog; path = "Preview Assets.xcassets"; sourceTree = "<group>"; };
		19E975062C50D2E100F94F9C /* Splash_ScreenTests.xctest */ = {isa = PBXFileReference; explicitFileType = wrapper.cfbundle; includeInIndex = 0; path = Splash_ScreenTests.xctest; sourceTree = BUILT_PRODUCTS_DIR; };
		19E9750A2C50D2E100F94F9C /* Splash_ScreenTests.swift */ = {isa = PBXFileReference; lastKnownFileType = sourcecode.swift; path = Splash_ScreenTests.swift; sourceTree = "<group>"; };
		19E975102C50D2E100F94F9C /* Splash_ScreenUITests.xctest */ = {isa = PBXFileReference; explicitFileType = wrapper.cfbundle; includeInIndex = 0; path = Splash_ScreenUITests.xctest; sourceTree = BUILT_PRODUCTS_DIR; };
		19E975142C50D2E100F94F9C /* Splash_ScreenUITests.swift */ = {isa = PBXFileReference; lastKnownFileType = sourcecode.swift; path = Splash_ScreenUITests.swift; sourceTree = "<group>"; };
		19E975162C50D2E100F94F9C /* Splash_ScreenUITestsLaunchTests.swift */ = {isa = PBXFileReference; lastKnownFileType = sourcecode.swift; path = Splash_ScreenUITestsLaunchTests.swift; sourceTree = "<group>"; };
/* End PBXFileReference section */

/* Begin PBXFrameworksBuildPhase section */
		19E974F32C50D2E000F94F9C /* Frameworks */ = {
			isa = PBXFrameworksBuildPhase;
			buildActionMask = 2147483647;
			files = (
			);
			runOnlyForDeploymentPostprocessing = 0;
		};
		19E975032C50D2E100F94F9C /* Frameworks */ = {
			isa = PBXFrameworksBuildPhase;
			buildActionMask = 2147483647;
			files = (
			);
			runOnlyForDeploymentPostprocessing = 0;
		};
		19E9750D2C50D2E100F94F9C /* Frameworks */ = {
			isa = PBXFrameworksBuildPhase;
			buildActionMask = 2147483647;
			files = (
			);
			runOnlyForDeploymentPostprocessing = 0;
		};
/* End PBXFrameworksBuildPhase section */

/* Begin PBXGroup section */
		19E974ED2C50D2E000F94F9C = {
			isa = PBXGroup;
			children = (
				19E974F82C50D2E000F94F9C /* Splash_Screen */,
				19E975092C50D2E100F94F9C /* Splash_ScreenTests */,
				19E975132C50D2E100F94F9C /* Splash_ScreenUITests */,
				19E974F72C50D2E000F94F9C /* Products */,
			);
			sourceTree = "<group>";
		};
		19E974F72C50D2E000F94F9C /* Products */ = {
			isa = PBXGroup;
			children = (
				19E974F62C50D2E000F94F9C /* Splash_Screen.app */,
				19E975062C50D2E100F94F9C /* Splash_ScreenTests.xctest */,
				19E975102C50D2E100F94F9C /* Splash_ScreenUITests.xctest */,
			);
			name = Products;
			sourceTree = "<group>";
		};
		19E974F82C50D2E000F94F9C /* Splash_Screen */ = {
			isa = PBXGroup;
			children = (
				19E974F92C50D2E000F94F9C /* Splash_ScreenApp.swift */,
				19E974FB2C50D2E000F94F9C /* ContentView.swift */,
				19E974FD2C50D2E100F94F9C /* Assets.xcassets */,
				19E974FF2C50D2E100F94F9C /* Preview Content */,
			);
			path = Splash_Screen;
			sourceTree = "<group>";
		};
		19E974FF2C50D2E100F94F9C /* Preview Content */ = {
			isa = PBXGroup;
			children = (
				19E975002C50D2E100F94F9C /* Preview Assets.xcassets */,
			);
			path = "Preview Content";
			sourceTree = "<group>";
		};
		19E975092C50D2E100F94F9C /* Splash_ScreenTests */ = {
			isa = PBXGroup;
			children = (
				19E9750A2C50D2E100F94F9C /* Splash_ScreenTests.swift */,
			);
			path = Splash_ScreenTests;
			sourceTree = "<group>";
		};
		19E975132C50D2E100F94F9C /* Splash_ScreenUITests */ = {
			isa = PBXGroup;
			children = (
				19E975142C50D2E100F94F9C /* Splash_ScreenUITests.swift */,
				19E975162C50D2E100F94F9C /* Splash_ScreenUITestsLaunchTests.swift */,
			);
			path = Splash_ScreenUITests;
			sourceTree = "<group>";
		};
/* End PBXGroup section */

/* Begin PBXNativeTarget section */
		19E974F52C50D2E000F94F9C /* Splash_Screen */ = {
			isa = PBXNativeTarget;
			buildConfigurationList = 19E9751A2C50D2E100F94F9C /* Build configuration list for PBXNativeTarget "Splash_Screen" */;
			buildPhases = (
				19E974F22C50D2E000F94F9C /* Sources */,
				19E974F32C50D2E000F94F9C /* Frameworks */,
				19E974F42C50D2E000F94F9C /* Resources */,
			);
			buildRules = (
			);
			dependencies = (
			);
			name = Splash_Screen;
			productName = Splash_Screen;
			productReference = 19E974F62C50D2E000F94F9C /* Splash_Screen.app */;
			productType = "com.apple.product-type.application";
		};
		19E975052C50D2E100F94F9C /* Splash_ScreenTests */ = {
			isa = PBXNativeTarget;
			buildConfigurationList = 19E9751D2C50D2E100F94F9C /* Build configuration list for PBXNativeTarget "Splash_ScreenTests" */;
			buildPhases = (
				19E975022C50D2E100F94F9C /* Sources */,
				19E975032C50D2E100F94F9C /* Frameworks */,
				19E975042C50D2E100F94F9C /* Resources */,
			);
			buildRules = (
			);
			dependencies = (
				19E975082C50D2E100F94F9C /* PBXTargetDependency */,
			);
			name = Splash_ScreenTests;
			productName = Splash_ScreenTests;
			productReference = 19E975062C50D2E100F94F9C /* Splash_ScreenTests.xctest */;
			productType = "com.apple.product-type.bundle.unit-test";
		};
		19E9750F2C50D2E100F94F9C /* Splash_ScreenUITests */ = {
			isa = PBXNativeTarget;
			buildConfigurationList = 19E975202C50D2E100F94F9C /* Build configuration list for PBXNativeTarget "Splash_ScreenUITests" */;
			buildPhases = (
				19E9750C2C50D2E100F94F9C /* Sources */,
				19E9750D2C50D2E100F94F9C /* Frameworks */,
				19E9750E2C50D2E100F94F9C /* Resources */,
			);
			buildRules = (
			);
			dependencies = (
				19E975122C50D2E100F94F9C /* PBXTargetDependency */,
			);
			name = Splash_ScreenUITests;
			productName = Splash_ScreenUITests;
			productReference = 19E975102C50D2E100F94F9C /* Splash_ScreenUITests.xctest */;
			productType = "com.apple.product-type.bundle.ui-testing";
		};
/* End PBXNativeTarget section */

/* Begin PBXProject section */
		19E974EE2C50D2E000F94F9C /* Project object */ = {
			isa = PBXProject;
			attributes = {
				BuildIndependentTargetsInParallel = 1;
				LastSwiftUpdateCheck = 1430;
				LastUpgradeCheck = 1430;
				TargetAttributes = {
					19E974F52C50D2E000F94F9C = {
						CreatedOnToolsVersion = 14.3.1;
					};
					19E975052C50D2E100F94F9C = {
						CreatedOnToolsVersion = 14.3.1;
						TestTargetID = 19E974F52C50D2E000F94F9C;
					};
					19E9750F2C50D2E100F94F9C = {
						CreatedOnToolsVersion = 14.3.1;
						TestTargetID = 19E974F52C50D2E000F94F9C;
					};
				};
			};
			buildConfigurationList = 19E974F12C50D2E000F94F9C /* Build configuration list for PBXProject "Splash_Screen" */;
			compatibilityVersion = "Xcode 14.0";
			developmentRegion = en;
			hasScannedForEncodings = 0;
			knownRegions = (
				en,
				Base,
			);
			mainGroup = 19E974ED2C50D2E000F94F9C;
			productRefGroup = 19E974F72C50D2E000F94F9C /* Products */;
			projectDirPath = "";
			projectRoot = "";
			targets = (
				19E974F52C50D2E000F94F9C /* Splash_Screen */,
				19E975052C50D2E100F94F9C /* Splash_ScreenTests */,
				19E9750F2C50D2E100F94F9C /* Splash_ScreenUITests */,
			);
		};
/* End PBXProject section */

/* Begin PBXResourcesBuildPhase section */
		19E974F42C50D2E000F94F9C /* Resources */ = {
			isa = PBXResourcesBuildPhase;
			buildActionMask = 2147483647;
			files = (
				19E975012C50D2E100F94F9C /* Preview Assets.xcassets in Resources */,
				19E974FE2C50D2E100F94F9C /* Assets.xcassets in Resources */,
			);
			runOnlyForDeploymentPostprocessing = 0;
		};
		19E975042C50D2E100F94F9C /* Resources */ = {
			isa = PBXResourcesBuildPhase;
			buildActionMask = 2147483647;
			files = (
			);
			runOnlyForDeploymentPostprocessing = 0;
		};
		19E9750E2C50D2E100F94F9C /* Resources */ = {
			isa = PBXResourcesBuildPhase;
			buildActionMask = 2147483647;
			files = (
			);
			runOnlyForDeploymentPostprocessing = 0;
		};
/* End PBXResourcesBuildPhase section */

/* Begin PBXSourcesBuildPhase section */
		19E974F22C50D2E000F94F9C /* Sources */ = {
			isa = PBXSourcesBuildPhase;
			buildActionMask = 2147483647;
			files = (
				19E974FC2C50D2E000F94F9C /* ContentView.swift in Sources */,
				19E974FA2C50D2E000F94F9C /* Splash_ScreenApp.swift in Sources */,
			);
			runOnlyForDeploymentPostprocessing = 0;
		};
		19E975022C50D2E100F94F9C /* Sources */ = {
			isa = PBXSourcesBuildPhase;
			buildActionMask = 2147483647;
			files = (
				19E9750B2C50D2E100F94F9C /* Splash_ScreenTests.swift in Sources */,
			);
			runOnlyForDeploymentPostprocessing = 0;
		};
		19E9750C2C50D2E100F94F9C /* Sources */ = {
			isa = PBXSourcesBuildPhase;
			buildActionMask = 2147483647;
			files = (
				19E975152C50D2E100F94F9C /* Splash_ScreenUITests.swift in Sources */,
				19E975172C50D2E100F94F9C /* Splash_ScreenUITestsLaunchTests.swift in Sources */,
			);
			runOnlyForDeploymentPostprocessing = 0;
		};
/* End PBXSourcesBuildPhase section */

/* Begin PBXTargetDependency section */
		19E975082C50D2E100F94F9C /* PBXTargetDependency */ = {
			isa = PBXTargetDependency;
			target = 19E974F52C50D2E000F94F9C /* Splash_Screen */;
			targetProxy = 19E975072C50D2E100F94F9C /* PBXContainerItemProxy */;
		};
		19E975122C50D2E100F94F9C /* PBXTargetDependency */ = {
			isa = PBXTargetDependency;
			target = 19E974F52C50D2E000F94F9C /* Splash_Screen */;
			targetProxy = 19E975112C50D2E100F94F9C /* PBXContainerItemProxy */;
		};
/* End PBXTargetDependency section */

/* Begin XCBuildConfiguration section */
		19E975182C50D2E100F94F9C /* Debug */ = {
			isa = XCBuildConfiguration;
			buildSettings = {
				ALWAYS_SEARCH_USER_PATHS = NO;
				CLANG_ANALYZER_NONNULL = YES;
				CLANG_ANALYZER_NUMBER_OBJECT_CONVERSION = YES_AGGRESSIVE;
				CLANG_CXX_LANGUAGE_STANDARD = "gnu++20";
				CLANG_ENABLE_MODULES = YES;
				CLANG_ENABLE_OBJC_ARC = YES;
				CLANG_ENABLE_OBJC_WEAK = YES;
				CLANG_WARN_BLOCK_CAPTURE_AUTORELEASING = YES;
				CLANG_WARN_BOOL_CONVERSION = YES;
				CLANG_WARN_COMMA = YES;
				CLANG_WARN_CONSTANT_CONVERSION = YES;
				CLANG_WARN_DEPRECATED_OBJC_IMPLEMENTATIONS = YES;
				CLANG_WARN_DIRECT_OBJC_ISA_USAGE = YES_ERROR;
				CLANG_WARN_DOCUMENTATION_COMMENTS = YES;
				CLANG_WARN_EMPTY_BODY = YES;
				CLANG_WARN_ENUM_CONVERSION = YES;
				CLANG_WARN_INFINITE_RECURSION = YES;
				CLANG_WARN_INT_CONVERSION = YES;
				CLANG_WARN_NON_LITERAL_NULL_CONVERSION = YES;
				CLANG_WARN_OBJC_IMPLICIT_RETAIN_SELF = YES;
				CLANG_WARN_OBJC_LITERAL_CONVERSION = YES;
				CLANG_WARN_OBJC_ROOT_CLASS = YES_ERROR;
				CLANG_WARN_QUOTED_INCLUDE_IN_FRAMEWORK_HEADER = YES;
				CLANG_WARN_RANGE_LOOP_ANALYSIS = YES;
				CLANG_WARN_STRICT_PROTOTYPES = YES;
				CLANG_WARN_SUSPICIOUS_MOVE = YES;
				CLANG_WARN_UNGUARDED_AVAILABILITY = YES_AGGRESSIVE;
				CLANG_WARN_UNREACHABLE_CODE = YES;
				CLANG_WARN__DUPLICATE_METHOD_MATCH = YES;
				COPY_PHASE_STRIP = NO;
				DEBUG_INFORMATION_FORMAT = dwarf;
				ENABLE_STRICT_OBJC_MSGSEND = YES;
				ENABLE_TESTABILITY = YES;
				GCC_C_LANGUAGE_STANDARD = gnu11;
				GCC_DYNAMIC_NO_PIC = NO;
				GCC_NO_COMMON_BLOCKS = YES;
				GCC_OPTIMIZATION_LEVEL = 0;
				GCC_PREPROCESSOR_DEFINITIONS = (
					"DEBUG=1",
					"$(inherited)",
				);
				GCC_WARN_64_TO_32_BIT_CONVERSION = YES;
				GCC_WARN_ABOUT_RETURN_TYPE = YES_ERROR;
				GCC_WARN_UNDECLARED_SELECTOR = YES;
				GCC_WARN_UNINITIALIZED_AUTOS = YES_AGGRESSIVE;
				GCC_WARN_UNUSED_FUNCTION = YES;
				GCC_WARN_UNUSED_VARIABLE = YES;
				IPHONEOS_DEPLOYMENT_TARGET = 16.4;
				MTL_ENABLE_DEBUG_INFO = INCLUDE_SOURCE;
				MTL_FAST_MATH = YES;
				ONLY_ACTIVE_ARCH = YES;
				SDKROOT = iphoneos;
				SWIFT_ACTIVE_COMPILATION_CONDITIONS = DEBUG;
				SWIFT_OPTIMIZATION_LEVEL = "-Onone";
			};
			name = Debug;
		};
		19E975192C50D2E100F94F9C /* Release */ = {
			isa = XCBuildConfiguration;
			buildSettings = {
				ALWAYS_SEARCH_USER_PATHS = NO;
				CLANG_ANALYZER_NONNULL = YES;
				CLANG_ANALYZER_NUMBER_OBJECT_CONVERSION = YES_AGGRESSIVE;
				CLANG_CXX_LANGUAGE_STANDARD = "gnu++20";
				CLANG_ENABLE_MODULES = YES;
				CLANG_ENABLE_OBJC_ARC = YES;
				CLANG_ENABLE_OBJC_WEAK = YES;
				CLANG_WARN_BLOCK_CAPTURE_AUTORELEASING = YES;
				CLANG_WARN_BOOL_CONVERSION = YES;
				CLANG_WARN_COMMA = YES;
				CLANG_WARN_CONSTANT_CONVERSION = YES;
				CLANG_WARN_DEPRECATED_OBJC_IMPLEMENTATIONS = YES;
				CLANG_WARN_DIRECT_OBJC_ISA_USAGE = YES_ERROR;
				CLANG_WARN_DOCUMENTATION_COMMENTS = YES;
				CLANG_WARN_EMPTY_BODY = YES;
				CLANG_WARN_ENUM_CONVERSION = YES;
				CLANG_WARN_INFINITE_RECURSION = YES;
				CLANG_WARN_INT_CONVERSION = YES;
				CLANG_WARN_NON_LITERAL_NULL_CONVERSION = YES;
				CLANG_WARN_OBJC_IMPLICIT_RETAIN_SELF = YES;
				CLANG_WARN_OBJC_LITERAL_CONVERSION = YES;
				CLANG_WARN_OBJC_ROOT_CLASS = YES_ERROR;
				CLANG_WARN_QUOTED_INCLUDE_IN_FRAMEWORK_HEADER = YES;
				CLANG_WARN_RANGE_LOOP_ANALYSIS = YES;
				CLANG_WARN_STRICT_PROTOTYPES = YES;
				CLANG_WARN_SUSPICIOUS_MOVE = YES;
				CLANG_WARN_UNGUARDED_AVAILABILITY = YES_AGGRESSIVE;
				CLANG_WARN_UNREACHABLE_CODE = YES;
				CLANG_WARN__DUPLICATE_METHOD_MATCH = YES;
				COPY_PHASE_STRIP = NO;
				DEBUG_INFORMATION_FORMAT = "dwarf-with-dsym";
				ENABLE_NS_ASSERTIONS = NO;
				ENABLE_STRICT_OBJC_MSGSEND = YES;
				GCC_C_LANGUAGE_STANDARD = gnu11;
				GCC_NO_COMMON_BLOCKS = YES;
				GCC_WARN_64_TO_32_BIT_CONVERSION = YES;
				GCC_WARN_ABOUT_RETURN_TYPE = YES_ERROR;
				GCC_WARN_UNDECLARED_SELECTOR = YES;
				GCC_WARN_UNINITIALIZED_AUTOS = YES_AGGRESSIVE;
				GCC_WARN_UNUSED_FUNCTION = YES;
				GCC_WARN_UNUSED_VARIABLE = YES;
				IPHONEOS_DEPLOYMENT_TARGET = 16.4;
				MTL_ENABLE_DEBUG_INFO = NO;
				MTL_FAST_MATH = YES;
				SDKROOT = iphoneos;
				SWIFT_COMPILATION_MODE = wholemodule;
				SWIFT_OPTIMIZATION_LEVEL = "-O";
				VALIDATE_PRODUCT = YES;
			};
			name = Release;
		};
		19E9751B2C50D2E100F94F9C /* Debug */ = {
			isa = XCBuildConfiguration;
			buildSettings = {
				ASSETCATALOG_COMPILER_APPICON_NAME = AppIcon;
				ASSETCATALOG_COMPILER_GLOBAL_ACCENT_COLOR_NAME = AccentColor;
				CODE_SIGN_STYLE = Automatic;
				CURRENT_PROJECT_VERSION = 1;
				DEVELOPMENT_ASSET_PATHS = "\"Splash_Screen/Preview Content\"";
				ENABLE_PREVIEWS = YES;
				GENERATE_INFOPLIST_FILE = YES;
				INFOPLIST_KEY_UIApplicationSceneManifest_Generation = YES;
				INFOPLIST_KEY_UIApplicationSupportsIndirectInputEvents = YES;
				INFOPLIST_KEY_UILaunchScreen_Generation = YES;
				INFOPLIST_KEY_UISupportedInterfaceOrientations_iPad = "UIInterfaceOrientationPortrait UIInterfaceOrientationPortraitUpsideDown UIInterfaceOrientationLandscapeLeft UIInterfaceOrientationLandscapeRight";
				INFOPLIST_KEY_UISupportedInterfaceOrientations_iPhone = "UIInterfaceOrientationPortrait UIInterfaceOrientationLandscapeLeft UIInterfaceOrientationLandscapeRight";
				LD_RUNPATH_SEARCH_PATHS = (
					"$(inherited)",
					"@executable_path/Frameworks",
				);
				MARKETING_VERSION = 1.0;
				PRODUCT_BUNDLE_IDENTIFIER = "com.study.Splash-Screen";
				PRODUCT_NAME = "$(TARGET_NAME)";
				SWIFT_EMIT_LOC_STRINGS = YES;
				SWIFT_VERSION = 5.0;
				TARGETED_DEVICE_FAMILY = "1,2";
			};
			name = Debug;
		};
		19E9751C2C50D2E100F94F9C /* Release */ = {
			isa = XCBuildConfiguration;
			buildSettings = {
				ASSETCATALOG_COMPILER_APPICON_NAME = AppIcon;
				ASSETCATALOG_COMPILER_GLOBAL_ACCENT_COLOR_NAME = AccentColor;
				CODE_SIGN_STYLE = Automatic;
				CURRENT_PROJECT_VERSION = 1;
				DEVELOPMENT_ASSET_PATHS = "\"Splash_Screen/Preview Content\"";
				ENABLE_PREVIEWS = YES;
				GENERATE_INFOPLIST_FILE = YES;
				INFOPLIST_KEY_UIApplicationSceneManifest_Generation = YES;
				INFOPLIST_KEY_UIApplicationSupportsIndirectInputEvents = YES;
				INFOPLIST_KEY_UILaunchScreen_Generation = YES;
				INFOPLIST_KEY_UISupportedInterfaceOrientations_iPad = "UIInterfaceOrientationPortrait UIInterfaceOrientationPortraitUpsideDown UIInterfaceOrientationLandscapeLeft UIInterfaceOrientationLandscapeRight";
				INFOPLIST_KEY_UISupportedInterfaceOrientations_iPhone = "UIInterfaceOrientationPortrait UIInterfaceOrientationLandscapeLeft UIInterfaceOrientationLandscapeRight";
				LD_RUNPATH_SEARCH_PATHS = (
					"$(inherited)",
					"@executable_path/Frameworks",
				);
				MARKETING_VERSION = 1.0;
				PRODUCT_BUNDLE_IDENTIFIER = "com.study.Splash-Screen";
				PRODUCT_NAME = "$(TARGET_NAME)";
				SWIFT_EMIT_LOC_STRINGS = YES;
				SWIFT_VERSION = 5.0;
				TARGETED_DEVICE_FAMILY = "1,2";
			};
			name = Release;
		};
		19E9751E2C50D2E100F94F9C /* Debug */ = {
			isa = XCBuildConfiguration;
			buildSettings = {
				ALWAYS_EMBED_SWIFT_STANDARD_LIBRARIES = YES;
				BUNDLE_LOADER = "$(TEST_HOST)";
				CODE_SIGN_STYLE = Automatic;
				CURRENT_PROJECT_VERSION = 1;
				GENERATE_INFOPLIST_FILE = YES;
				IPHONEOS_DEPLOYMENT_TARGET = 16.4;
				MARKETING_VERSION = 1.0;
				PRODUCT_BUNDLE_IDENTIFIER = "com.study.Splash-ScreenTests";
				PRODUCT_NAME = "$(TARGET_NAME)";
				SWIFT_EMIT_LOC_STRINGS = NO;
				SWIFT_VERSION = 5.0;
				TARGETED_DEVICE_FAMILY = "1,2";
				TEST_HOST = "$(BUILT_PRODUCTS_DIR)/Splash_Screen.app/$(BUNDLE_EXECUTABLE_FOLDER_PATH)/Splash_Screen";
			};
			name = Debug;
		};
		19E9751F2C50D2E100F94F9C /* Release */ = {
			isa = XCBuildConfiguration;
			buildSettings = {
				ALWAYS_EMBED_SWIFT_STANDARD_LIBRARIES = YES;
				BUNDLE_LOADER = "$(TEST_HOST)";
				CODE_SIGN_STYLE = Automatic;
				CURRENT_PROJECT_VERSION = 1;
				GENERATE_INFOPLIST_FILE = YES;
				IPHONEOS_DEPLOYMENT_TARGET = 16.4;
				MARKETING_VERSION = 1.0;
				PRODUCT_BUNDLE_IDENTIFIER = "com.study.Splash-ScreenTests";
				PRODUCT_NAME = "$(TARGET_NAME)";
				SWIFT_EMIT_LOC_STRINGS = NO;
				SWIFT_VERSION = 5.0;
				TARGETED_DEVICE_FAMILY = "1,2";
				TEST_HOST = "$(BUILT_PRODUCTS_DIR)/Splash_Screen.app/$(BUNDLE_EXECUTABLE_FOLDER_PATH)/Splash_Screen";
			};
			name = Release;
		};
		19E975212C50D2E100F94F9C /* Debug */ = {
			isa = XCBuildConfiguration;
			buildSettings = {
				ALWAYS_EMBED_SWIFT_STANDARD_LIBRARIES = YES;
				CODE_SIGN_STYLE = Automatic;
				CURRENT_PROJECT_VERSION = 1;
				GENERATE_INFOPLIST_FILE = YES;
				MARKETING_VERSION = 1.0;
				PRODUCT_BUNDLE_IDENTIFIER = "com.study.Splash-ScreenUITests";
				PRODUCT_NAME = "$(TARGET_NAME)";
				SWIFT_EMIT_LOC_STRINGS = NO;
				SWIFT_VERSION = 5.0;
				TARGETED_DEVICE_FAMILY = "1,2";
				TEST_TARGET_NAME = Splash_Screen;
			};
			name = Debug;
		};
		19E975222C50D2E100F94F9C /* Release */ = {
			isa = XCBuildConfiguration;
			buildSettings = {
				ALWAYS_EMBED_SWIFT_STANDARD_LIBRARIES = YES;
				CODE_SIGN_STYLE = Automatic;
				CURRENT_PROJECT_VERSION = 1;
				GENERATE_INFOPLIST_FILE = YES;
				MARKETING_VERSION = 1.0;
				PRODUCT_BUNDLE_IDENTIFIER = "com.study.Splash-ScreenUITests";
				PRODUCT_NAME = "$(TARGET_NAME)";
				SWIFT_EMIT_LOC_STRINGS = NO;
				SWIFT_VERSION = 5.0;
				TARGETED_DEVICE_FAMILY = "1,2";
				TEST_TARGET_NAME = Splash_Screen;
			};
			name = Release;
		};
/* End XCBuildConfiguration section */

/* Begin XCConfigurationList section */
		19E974F12C50D2E000F94F9C /* Build configuration list for PBXProject "Splash_Screen" */ = {
			isa = XCConfigurationList;
			buildConfigurations = (
				19E975182C50D2E100F94F9C /* Debug */,
				19E975192C50D2E100F94F9C /* Release */,
			);
			defaultConfigurationIsVisible = 0;
			defaultConfigurationName = Release;
		};
		19E9751A2C50D2E100F94F9C /* Build configuration list for PBXNativeTarget "Splash_Screen" */ = {
			isa = XCConfigurationList;
			buildConfigurations = (
				19E9751B2C50D2E100F94F9C /* Debug */,
				19E9751C2C50D2E100F94F9C /* Release */,
			);
			defaultConfigurationIsVisible = 0;
			defaultConfigurationName = Release;
		};
		19E9751D2C50D2E100F94F9C /* Build configuration list for PBXNativeTarget "Splash_ScreenTests" */ = {
			isa = XCConfigurationList;
			buildConfigurations = (
				19E9751E2C50D2E100F94F9C /* Debug */,
				19E9751F2C50D2E100F94F9C /* Release */,
			);
			defaultConfigurationIsVisible = 0;
			defaultConfigurationName = Release;
		};
		19E975202C50D2E100F94F9C /* Build configuration list for PBXNativeTarget "Splash_ScreenUITests" */ = {
			isa = XCConfigurationList;
			buildConfigurations = (
				19E975212C50D2E100F94F9C /* Debug */,
				19E975222C50D2E100F94F9C /* Release */,
			);
			defaultConfigurationIsVisible = 0;
			defaultConfigurationName = Release;
		};
/* End XCConfigurationList section */
	};
	rootObject = 19E974EE2C50D2E000F94F9C /* Project object */;
}
