// !$*UTF8*$!
{
	archiveVersion = 1;
	classes = {
	};
	objectVersion = 56;
	objects = {

/* Begin PBXBuildFile section */
		198552A82C7D919D007F2BC2 /* CafeMapApp.swift in Sources */ = {isa = PBXBuildFile; fileRef = 198552A72C7D919D007F2BC2 /* CafeMapApp.swift */; };
		198552AA2C7D919D007F2BC2 /* ContentView.swift in Sources */ = {isa = PBXBuildFile; fileRef = 198552A92C7D919D007F2BC2 /* ContentView.swift */; };
		198552AC2C7D919E007F2BC2 /* Assets.xcassets in Resources */ = {isa = PBXBuildFile; fileRef = 198552AB2C7D919E007F2BC2 /* Assets.xcassets */; };
		198552AF2C7D919E007F2BC2 /* Preview Assets.xcassets in Resources */ = {isa = PBXBuildFile; fileRef = 198552AE2C7D919E007F2BC2 /* Preview Assets.xcassets */; };
		198552B92C7D919E007F2BC2 /* CafeMapTests.swift in Sources */ = {isa = PBXBuildFile; fileRef = 198552B82C7D919E007F2BC2 /* CafeMapTests.swift */; };
		198552C32C7D919E007F2BC2 /* CafeMapUITests.swift in Sources */ = {isa = PBXBuildFile; fileRef = 198552C22C7D919E007F2BC2 /* CafeMapUITests.swift */; };
		198552C52C7D919E007F2BC2 /* CafeMapUITestsLaunchTests.swift in Sources */ = {isa = PBXBuildFile; fileRef = 198552C42C7D919E007F2BC2 /* CafeMapUITestsLaunchTests.swift */; };
		198552D32C7D9267007F2BC2 /* LoginView.swift in Sources */ = {isa = PBXBuildFile; fileRef = 198552D22C7D9267007F2BC2 /* LoginView.swift */; };
		198552D72C7D9B0D007F2BC2 /* Color.swift in Sources */ = {isa = PBXBuildFile; fileRef = 198552D62C7D9B0D007F2BC2 /* Color.swift */; };
/* End PBXBuildFile section */

/* Begin PBXContainerItemProxy section */
		198552B52C7D919E007F2BC2 /* PBXContainerItemProxy */ = {
			isa = PBXContainerItemProxy;
			containerPortal = 1985529C2C7D919D007F2BC2 /* Project object */;
			proxyType = 1;
			remoteGlobalIDString = 198552A32C7D919D007F2BC2;
			remoteInfo = CafeMap;
		};
		198552BF2C7D919E007F2BC2 /* PBXContainerItemProxy */ = {
			isa = PBXContainerItemProxy;
			containerPortal = 1985529C2C7D919D007F2BC2 /* Project object */;
			proxyType = 1;
			remoteGlobalIDString = 198552A32C7D919D007F2BC2;
			remoteInfo = CafeMap;
		};
/* End PBXContainerItemProxy section */

/* Begin PBXFileReference section */
		198552A42C7D919D007F2BC2 /* CafeMap.app */ = {isa = PBXFileReference; explicitFileType = wrapper.application; includeInIndex = 0; path = CafeMap.app; sourceTree = BUILT_PRODUCTS_DIR; };
		198552A72C7D919D007F2BC2 /* CafeMapApp.swift */ = {isa = PBXFileReference; lastKnownFileType = sourcecode.swift; path = CafeMapApp.swift; sourceTree = "<group>"; };
		198552A92C7D919D007F2BC2 /* ContentView.swift */ = {isa = PBXFileReference; lastKnownFileType = sourcecode.swift; path = ContentView.swift; sourceTree = "<group>"; };
		198552AB2C7D919E007F2BC2 /* Assets.xcassets */ = {isa = PBXFileReference; lastKnownFileType = folder.assetcatalog; path = Assets.xcassets; sourceTree = "<group>"; };
		198552AE2C7D919E007F2BC2 /* Preview Assets.xcassets */ = {isa = PBXFileReference; lastKnownFileType = folder.assetcatalog; path = "Preview Assets.xcassets"; sourceTree = "<group>"; };
		198552B42C7D919E007F2BC2 /* CafeMapTests.xctest */ = {isa = PBXFileReference; explicitFileType = wrapper.cfbundle; includeInIndex = 0; path = CafeMapTests.xctest; sourceTree = BUILT_PRODUCTS_DIR; };
		198552B82C7D919E007F2BC2 /* CafeMapTests.swift */ = {isa = PBXFileReference; lastKnownFileType = sourcecode.swift; path = CafeMapTests.swift; sourceTree = "<group>"; };
		198552BE2C7D919E007F2BC2 /* CafeMapUITests.xctest */ = {isa = PBXFileReference; explicitFileType = wrapper.cfbundle; includeInIndex = 0; path = CafeMapUITests.xctest; sourceTree = BUILT_PRODUCTS_DIR; };
		198552C22C7D919E007F2BC2 /* CafeMapUITests.swift */ = {isa = PBXFileReference; lastKnownFileType = sourcecode.swift; path = CafeMapUITests.swift; sourceTree = "<group>"; };
		198552C42C7D919E007F2BC2 /* CafeMapUITestsLaunchTests.swift */ = {isa = PBXFileReference; lastKnownFileType = sourcecode.swift; path = CafeMapUITestsLaunchTests.swift; sourceTree = "<group>"; };
		198552D22C7D9267007F2BC2 /* LoginView.swift */ = {isa = PBXFileReference; lastKnownFileType = sourcecode.swift; path = LoginView.swift; sourceTree = "<group>"; };
		198552D62C7D9B0D007F2BC2 /* Color.swift */ = {isa = PBXFileReference; lastKnownFileType = sourcecode.swift; path = Color.swift; sourceTree = "<group>"; };
/* End PBXFileReference section */

/* Begin PBXFrameworksBuildPhase section */
		198552A12C7D919D007F2BC2 /* Frameworks */ = {
			isa = PBXFrameworksBuildPhase;
			buildActionMask = 2147483647;
			files = (
			);
			runOnlyForDeploymentPostprocessing = 0;
		};
		198552B12C7D919E007F2BC2 /* Frameworks */ = {
			isa = PBXFrameworksBuildPhase;
			buildActionMask = 2147483647;
			files = (
			);
			runOnlyForDeploymentPostprocessing = 0;
		};
		198552BB2C7D919E007F2BC2 /* Frameworks */ = {
			isa = PBXFrameworksBuildPhase;
			buildActionMask = 2147483647;
			files = (
			);
			runOnlyForDeploymentPostprocessing = 0;
		};
/* End PBXFrameworksBuildPhase section */

/* Begin PBXGroup section */
		1985529B2C7D919D007F2BC2 = {
			isa = PBXGroup;
			children = (
				198552A62C7D919D007F2BC2 /* CafeMap */,
				198552B72C7D919E007F2BC2 /* CafeMapTests */,
				198552C12C7D919E007F2BC2 /* CafeMapUITests */,
				198552A52C7D919D007F2BC2 /* Products */,
			);
			sourceTree = "<group>";
		};
		198552A52C7D919D007F2BC2 /* Products */ = {
			isa = PBXGroup;
			children = (
				198552A42C7D919D007F2BC2 /* CafeMap.app */,
				198552B42C7D919E007F2BC2 /* CafeMapTests.xctest */,
				198552BE2C7D919E007F2BC2 /* CafeMapUITests.xctest */,
			);
			name = Products;
			sourceTree = "<group>";
		};
		198552A62C7D919D007F2BC2 /* CafeMap */ = {
			isa = PBXGroup;
			children = (
				198552D52C7D9AFE007F2BC2 /* Color */,
				198552D12C7D9253007F2BC2 /* Login */,
				198552A72C7D919D007F2BC2 /* CafeMapApp.swift */,
				198552A92C7D919D007F2BC2 /* ContentView.swift */,
				198552AB2C7D919E007F2BC2 /* Assets.xcassets */,
				198552AD2C7D919E007F2BC2 /* Preview Content */,
			);
			path = CafeMap;
			sourceTree = "<group>";
		};
		198552AD2C7D919E007F2BC2 /* Preview Content */ = {
			isa = PBXGroup;
			children = (
				198552AE2C7D919E007F2BC2 /* Preview Assets.xcassets */,
			);
			path = "Preview Content";
			sourceTree = "<group>";
		};
		198552B72C7D919E007F2BC2 /* CafeMapTests */ = {
			isa = PBXGroup;
			children = (
				198552B82C7D919E007F2BC2 /* CafeMapTests.swift */,
			);
			path = CafeMapTests;
			sourceTree = "<group>";
		};
		198552C12C7D919E007F2BC2 /* CafeMapUITests */ = {
			isa = PBXGroup;
			children = (
				198552C22C7D919E007F2BC2 /* CafeMapUITests.swift */,
				198552C42C7D919E007F2BC2 /* CafeMapUITestsLaunchTests.swift */,
			);
			path = CafeMapUITests;
			sourceTree = "<group>";
		};
		198552D12C7D9253007F2BC2 /* Login */ = {
			isa = PBXGroup;
			children = (
				198552D42C7D97C0007F2BC2 /* View */,
			);
			path = Login;
			sourceTree = "<group>";
		};
		198552D42C7D97C0007F2BC2 /* View */ = {
			isa = PBXGroup;
			children = (
				198552D22C7D9267007F2BC2 /* LoginView.swift */,
			);
			path = View;
			sourceTree = "<group>";
		};
		198552D52C7D9AFE007F2BC2 /* Color */ = {
			isa = PBXGroup;
			children = (
				198552D62C7D9B0D007F2BC2 /* Color.swift */,
			);
			path = Color;
			sourceTree = "<group>";
		};
/* End PBXGroup section */

/* Begin PBXNativeTarget section */
		198552A32C7D919D007F2BC2 /* CafeMap */ = {
			isa = PBXNativeTarget;
			buildConfigurationList = 198552C82C7D919E007F2BC2 /* Build configuration list for PBXNativeTarget "CafeMap" */;
			buildPhases = (
				198552A02C7D919D007F2BC2 /* Sources */,
				198552A12C7D919D007F2BC2 /* Frameworks */,
				198552A22C7D919D007F2BC2 /* Resources */,
			);
			buildRules = (
			);
			dependencies = (
			);
			name = CafeMap;
			productName = CafeMap;
			productReference = 198552A42C7D919D007F2BC2 /* CafeMap.app */;
			productType = "com.apple.product-type.application";
		};
		198552B32C7D919E007F2BC2 /* CafeMapTests */ = {
			isa = PBXNativeTarget;
			buildConfigurationList = 198552CB2C7D919E007F2BC2 /* Build configuration list for PBXNativeTarget "CafeMapTests" */;
			buildPhases = (
				198552B02C7D919E007F2BC2 /* Sources */,
				198552B12C7D919E007F2BC2 /* Frameworks */,
				198552B22C7D919E007F2BC2 /* Resources */,
			);
			buildRules = (
			);
			dependencies = (
				198552B62C7D919E007F2BC2 /* PBXTargetDependency */,
			);
			name = CafeMapTests;
			productName = CafeMapTests;
			productReference = 198552B42C7D919E007F2BC2 /* CafeMapTests.xctest */;
			productType = "com.apple.product-type.bundle.unit-test";
		};
		198552BD2C7D919E007F2BC2 /* CafeMapUITests */ = {
			isa = PBXNativeTarget;
			buildConfigurationList = 198552CE2C7D919E007F2BC2 /* Build configuration list for PBXNativeTarget "CafeMapUITests" */;
			buildPhases = (
				198552BA2C7D919E007F2BC2 /* Sources */,
				198552BB2C7D919E007F2BC2 /* Frameworks */,
				198552BC2C7D919E007F2BC2 /* Resources */,
			);
			buildRules = (
			);
			dependencies = (
				198552C02C7D919E007F2BC2 /* PBXTargetDependency */,
			);
			name = CafeMapUITests;
			productName = CafeMapUITests;
			productReference = 198552BE2C7D919E007F2BC2 /* CafeMapUITests.xctest */;
			productType = "com.apple.product-type.bundle.ui-testing";
		};
/* End PBXNativeTarget section */

/* Begin PBXProject section */
		1985529C2C7D919D007F2BC2 /* Project object */ = {
			isa = PBXProject;
			attributes = {
				BuildIndependentTargetsInParallel = 1;
				LastSwiftUpdateCheck = 1430;
				LastUpgradeCheck = 1430;
				TargetAttributes = {
					198552A32C7D919D007F2BC2 = {
						CreatedOnToolsVersion = 14.3.1;
					};
					198552B32C7D919E007F2BC2 = {
						CreatedOnToolsVersion = 14.3.1;
						TestTargetID = 198552A32C7D919D007F2BC2;
					};
					198552BD2C7D919E007F2BC2 = {
						CreatedOnToolsVersion = 14.3.1;
						TestTargetID = 198552A32C7D919D007F2BC2;
					};
				};
			};
			buildConfigurationList = 1985529F2C7D919D007F2BC2 /* Build configuration list for PBXProject "CafeMap" */;
			compatibilityVersion = "Xcode 14.0";
			developmentRegion = en;
			hasScannedForEncodings = 0;
			knownRegions = (
				en,
				Base,
			);
			mainGroup = 1985529B2C7D919D007F2BC2;
			productRefGroup = 198552A52C7D919D007F2BC2 /* Products */;
			projectDirPath = "";
			projectRoot = "";
			targets = (
				198552A32C7D919D007F2BC2 /* CafeMap */,
				198552B32C7D919E007F2BC2 /* CafeMapTests */,
				198552BD2C7D919E007F2BC2 /* CafeMapUITests */,
			);
		};
/* End PBXProject section */

/* Begin PBXResourcesBuildPhase section */
		198552A22C7D919D007F2BC2 /* Resources */ = {
			isa = PBXResourcesBuildPhase;
			buildActionMask = 2147483647;
			files = (
				198552AF2C7D919E007F2BC2 /* Preview Assets.xcassets in Resources */,
				198552AC2C7D919E007F2BC2 /* Assets.xcassets in Resources */,
			);
			runOnlyForDeploymentPostprocessing = 0;
		};
		198552B22C7D919E007F2BC2 /* Resources */ = {
			isa = PBXResourcesBuildPhase;
			buildActionMask = 2147483647;
			files = (
			);
			runOnlyForDeploymentPostprocessing = 0;
		};
		198552BC2C7D919E007F2BC2 /* Resources */ = {
			isa = PBXResourcesBuildPhase;
			buildActionMask = 2147483647;
			files = (
			);
			runOnlyForDeploymentPostprocessing = 0;
		};
/* End PBXResourcesBuildPhase section */

/* Begin PBXSourcesBuildPhase section */
		198552A02C7D919D007F2BC2 /* Sources */ = {
			isa = PBXSourcesBuildPhase;
			buildActionMask = 2147483647;
			files = (
				198552D32C7D9267007F2BC2 /* LoginView.swift in Sources */,
				198552D72C7D9B0D007F2BC2 /* Color.swift in Sources */,
				198552AA2C7D919D007F2BC2 /* ContentView.swift in Sources */,
				198552A82C7D919D007F2BC2 /* CafeMapApp.swift in Sources */,
			);
			runOnlyForDeploymentPostprocessing = 0;
		};
		198552B02C7D919E007F2BC2 /* Sources */ = {
			isa = PBXSourcesBuildPhase;
			buildActionMask = 2147483647;
			files = (
				198552B92C7D919E007F2BC2 /* CafeMapTests.swift in Sources */,
			);
			runOnlyForDeploymentPostprocessing = 0;
		};
		198552BA2C7D919E007F2BC2 /* Sources */ = {
			isa = PBXSourcesBuildPhase;
			buildActionMask = 2147483647;
			files = (
				198552C52C7D919E007F2BC2 /* CafeMapUITestsLaunchTests.swift in Sources */,
				198552C32C7D919E007F2BC2 /* CafeMapUITests.swift in Sources */,
			);
			runOnlyForDeploymentPostprocessing = 0;
		};
/* End PBXSourcesBuildPhase section */

/* Begin PBXTargetDependency section */
		198552B62C7D919E007F2BC2 /* PBXTargetDependency */ = {
			isa = PBXTargetDependency;
			target = 198552A32C7D919D007F2BC2 /* CafeMap */;
			targetProxy = 198552B52C7D919E007F2BC2 /* PBXContainerItemProxy */;
		};
		198552C02C7D919E007F2BC2 /* PBXTargetDependency */ = {
			isa = PBXTargetDependency;
			target = 198552A32C7D919D007F2BC2 /* CafeMap */;
			targetProxy = 198552BF2C7D919E007F2BC2 /* PBXContainerItemProxy */;
		};
/* End PBXTargetDependency section */

/* Begin XCBuildConfiguration section */
		198552C62C7D919E007F2BC2 /* Debug */ = {
			isa = XCBuildConfiguration;
			buildSettings = {
				ALWAYS_SEARCH_USER_PATHS = NO;
				CLANG_ANALYZER_NONNULL = YES;
				CLANG_ANALYZER_NUMBER_OBJECT_CONVERSION = YES_AGGRESSIVE;
				CLANG_CXX_LANGUAGE_STANDARD = "gnu++20";
				CLANG_ENABLE_MODULES = YES;
				CLANG_ENABLE_OBJC_ARC = YES;
				CLANG_ENABLE_OBJC_WEAK = YES;
				CLANG_WARN_BLOCK_CAPTURE_AUTORELEASING = YES;
				CLANG_WARN_BOOL_CONVERSION = YES;
				CLANG_WARN_COMMA = YES;
				CLANG_WARN_CONSTANT_CONVERSION = YES;
				CLANG_WARN_DEPRECATED_OBJC_IMPLEMENTATIONS = YES;
				CLANG_WARN_DIRECT_OBJC_ISA_USAGE = YES_ERROR;
				CLANG_WARN_DOCUMENTATION_COMMENTS = YES;
				CLANG_WARN_EMPTY_BODY = YES;
				CLANG_WARN_ENUM_CONVERSION = YES;
				CLANG_WARN_INFINITE_RECURSION = YES;
				CLANG_WARN_INT_CONVERSION = YES;
				CLANG_WARN_NON_LITERAL_NULL_CONVERSION = YES;
				CLANG_WARN_OBJC_IMPLICIT_RETAIN_SELF = YES;
				CLANG_WARN_OBJC_LITERAL_CONVERSION = YES;
				CLANG_WARN_OBJC_ROOT_CLASS = YES_ERROR;
				CLANG_WARN_QUOTED_INCLUDE_IN_FRAMEWORK_HEADER = YES;
				CLANG_WARN_RANGE_LOOP_ANALYSIS = YES;
				CLANG_WARN_STRICT_PROTOTYPES = YES;
				CLANG_WARN_SUSPICIOUS_MOVE = YES;
				CLANG_WARN_UNGUARDED_AVAILABILITY = YES_AGGRESSIVE;
				CLANG_WARN_UNREACHABLE_CODE = YES;
				CLANG_WARN__DUPLICATE_METHOD_MATCH = YES;
				COPY_PHASE_STRIP = NO;
				DEBUG_INFORMATION_FORMAT = dwarf;
				ENABLE_STRICT_OBJC_MSGSEND = YES;
				ENABLE_TESTABILITY = YES;
				GCC_C_LANGUAGE_STANDARD = gnu11;
				GCC_DYNAMIC_NO_PIC = NO;
				GCC_NO_COMMON_BLOCKS = YES;
				GCC_OPTIMIZATION_LEVEL = 0;
				GCC_PREPROCESSOR_DEFINITIONS = (
					"DEBUG=1",
					"$(inherited)",
				);
				GCC_WARN_64_TO_32_BIT_CONVERSION = YES;
				GCC_WARN_ABOUT_RETURN_TYPE = YES_ERROR;
				GCC_WARN_UNDECLARED_SELECTOR = YES;
				GCC_WARN_UNINITIALIZED_AUTOS = YES_AGGRESSIVE;
				GCC_WARN_UNUSED_FUNCTION = YES;
				GCC_WARN_UNUSED_VARIABLE = YES;
				IPHONEOS_DEPLOYMENT_TARGET = 16.4;
				MTL_ENABLE_DEBUG_INFO = INCLUDE_SOURCE;
				MTL_FAST_MATH = YES;
				ONLY_ACTIVE_ARCH = YES;
				SDKROOT = iphoneos;
				SWIFT_ACTIVE_COMPILATION_CONDITIONS = DEBUG;
				SWIFT_OPTIMIZATION_LEVEL = "-Onone";
			};
			name = Debug;
		};
		198552C72C7D919E007F2BC2 /* Release */ = {
			isa = XCBuildConfiguration;
			buildSettings = {
				ALWAYS_SEARCH_USER_PATHS = NO;
				CLANG_ANALYZER_NONNULL = YES;
				CLANG_ANALYZER_NUMBER_OBJECT_CONVERSION = YES_AGGRESSIVE;
				CLANG_CXX_LANGUAGE_STANDARD = "gnu++20";
				CLANG_ENABLE_MODULES = YES;
				CLANG_ENABLE_OBJC_ARC = YES;
				CLANG_ENABLE_OBJC_WEAK = YES;
				CLANG_WARN_BLOCK_CAPTURE_AUTORELEASING = YES;
				CLANG_WARN_BOOL_CONVERSION = YES;
				CLANG_WARN_COMMA = YES;
				CLANG_WARN_CONSTANT_CONVERSION = YES;
				CLANG_WARN_DEPRECATED_OBJC_IMPLEMENTATIONS = YES;
				CLANG_WARN_DIRECT_OBJC_ISA_USAGE = YES_ERROR;
				CLANG_WARN_DOCUMENTATION_COMMENTS = YES;
				CLANG_WARN_EMPTY_BODY = YES;
				CLANG_WARN_ENUM_CONVERSION = YES;
				CLANG_WARN_INFINITE_RECURSION = YES;
				CLANG_WARN_INT_CONVERSION = YES;
				CLANG_WARN_NON_LITERAL_NULL_CONVERSION = YES;
				CLANG_WARN_OBJC_IMPLICIT_RETAIN_SELF = YES;
				CLANG_WARN_OBJC_LITERAL_CONVERSION = YES;
				CLANG_WARN_OBJC_ROOT_CLASS = YES_ERROR;
				CLANG_WARN_QUOTED_INCLUDE_IN_FRAMEWORK_HEADER = YES;
				CLANG_WARN_RANGE_LOOP_ANALYSIS = YES;
				CLANG_WARN_STRICT_PROTOTYPES = YES;
				CLANG_WARN_SUSPICIOUS_MOVE = YES;
				CLANG_WARN_UNGUARDED_AVAILABILITY = YES_AGGRESSIVE;
				CLANG_WARN_UNREACHABLE_CODE = YES;
				CLANG_WARN__DUPLICATE_METHOD_MATCH = YES;
				COPY_PHASE_STRIP = NO;
				DEBUG_INFORMATION_FORMAT = "dwarf-with-dsym";
				ENABLE_NS_ASSERTIONS = NO;
				ENABLE_STRICT_OBJC_MSGSEND = YES;
				GCC_C_LANGUAGE_STANDARD = gnu11;
				GCC_NO_COMMON_BLOCKS = YES;
				GCC_WARN_64_TO_32_BIT_CONVERSION = YES;
				GCC_WARN_ABOUT_RETURN_TYPE = YES_ERROR;
				GCC_WARN_UNDECLARED_SELECTOR = YES;
				GCC_WARN_UNINITIALIZED_AUTOS = YES_AGGRESSIVE;
				GCC_WARN_UNUSED_FUNCTION = YES;
				GCC_WARN_UNUSED_VARIABLE = YES;
				IPHONEOS_DEPLOYMENT_TARGET = 16.4;
				MTL_ENABLE_DEBUG_INFO = NO;
				MTL_FAST_MATH = YES;
				SDKROOT = iphoneos;
				SWIFT_COMPILATION_MODE = wholemodule;
				SWIFT_OPTIMIZATION_LEVEL = "-O";
				VALIDATE_PRODUCT = YES;
			};
			name = Release;
		};
		198552C92C7D919E007F2BC2 /* Debug */ = {
			isa = XCBuildConfiguration;
			buildSettings = {
				ASSETCATALOG_COMPILER_APPICON_NAME = AppIcon;
				ASSETCATALOG_COMPILER_GLOBAL_ACCENT_COLOR_NAME = AccentColor;
				CODE_SIGN_STYLE = Automatic;
				CURRENT_PROJECT_VERSION = 1;
				DEVELOPMENT_ASSET_PATHS = "\"CafeMap/Preview Content\"";
				ENABLE_PREVIEWS = YES;
				GENERATE_INFOPLIST_FILE = YES;
				INFOPLIST_KEY_UIApplicationSceneManifest_Generation = YES;
				INFOPLIST_KEY_UIApplicationSupportsIndirectInputEvents = YES;
				INFOPLIST_KEY_UILaunchScreen_Generation = YES;
				INFOPLIST_KEY_UISupportedInterfaceOrientations_iPad = "UIInterfaceOrientationPortrait UIInterfaceOrientationPortraitUpsideDown UIInterfaceOrientationLandscapeLeft UIInterfaceOrientationLandscapeRight";
				INFOPLIST_KEY_UISupportedInterfaceOrientations_iPhone = "UIInterfaceOrientationPortrait UIInterfaceOrientationLandscapeLeft UIInterfaceOrientationLandscapeRight";
				LD_RUNPATH_SEARCH_PATHS = (
					"$(inherited)",
					"@executable_path/Frameworks",
				);
				MARKETING_VERSION = 1.0;
				PRODUCT_BUNDLE_IDENTIFIER = com.study.CafeMap;
				PRODUCT_NAME = "$(TARGET_NAME)";
				SWIFT_EMIT_LOC_STRINGS = YES;
				SWIFT_VERSION = 5.0;
				TARGETED_DEVICE_FAMILY = "1,2";
			};
			name = Debug;
		};
		198552CA2C7D919E007F2BC2 /* Release */ = {
			isa = XCBuildConfiguration;
			buildSettings = {
				ASSETCATALOG_COMPILER_APPICON_NAME = AppIcon;
				ASSETCATALOG_COMPILER_GLOBAL_ACCENT_COLOR_NAME = AccentColor;
				CODE_SIGN_STYLE = Automatic;
				CURRENT_PROJECT_VERSION = 1;
				DEVELOPMENT_ASSET_PATHS = "\"CafeMap/Preview Content\"";
				ENABLE_PREVIEWS = YES;
				GENERATE_INFOPLIST_FILE = YES;
				INFOPLIST_KEY_UIApplicationSceneManifest_Generation = YES;
				INFOPLIST_KEY_UIApplicationSupportsIndirectInputEvents = YES;
				INFOPLIST_KEY_UILaunchScreen_Generation = YES;
				INFOPLIST_KEY_UISupportedInterfaceOrientations_iPad = "UIInterfaceOrientationPortrait UIInterfaceOrientationPortraitUpsideDown UIInterfaceOrientationLandscapeLeft UIInterfaceOrientationLandscapeRight";
				INFOPLIST_KEY_UISupportedInterfaceOrientations_iPhone = "UIInterfaceOrientationPortrait UIInterfaceOrientationLandscapeLeft UIInterfaceOrientationLandscapeRight";
				LD_RUNPATH_SEARCH_PATHS = (
					"$(inherited)",
					"@executable_path/Frameworks",
				);
				MARKETING_VERSION = 1.0;
				PRODUCT_BUNDLE_IDENTIFIER = com.study.CafeMap;
				PRODUCT_NAME = "$(TARGET_NAME)";
				SWIFT_EMIT_LOC_STRINGS = YES;
				SWIFT_VERSION = 5.0;
				TARGETED_DEVICE_FAMILY = "1,2";
			};
			name = Release;
		};
		198552CC2C7D919E007F2BC2 /* Debug */ = {
			isa = XCBuildConfiguration;
			buildSettings = {
				ALWAYS_EMBED_SWIFT_STANDARD_LIBRARIES = YES;
				BUNDLE_LOADER = "$(TEST_HOST)";
				CODE_SIGN_STYLE = Automatic;
				CURRENT_PROJECT_VERSION = 1;
				GENERATE_INFOPLIST_FILE = YES;
				IPHONEOS_DEPLOYMENT_TARGET = 16.4;
				MARKETING_VERSION = 1.0;
				PRODUCT_BUNDLE_IDENTIFIER = com.study.CafeMapTests;
				PRODUCT_NAME = "$(TARGET_NAME)";
				SWIFT_EMIT_LOC_STRINGS = NO;
				SWIFT_VERSION = 5.0;
				TARGETED_DEVICE_FAMILY = "1,2";
				TEST_HOST = "$(BUILT_PRODUCTS_DIR)/CafeMap.app/$(BUNDLE_EXECUTABLE_FOLDER_PATH)/CafeMap";
			};
			name = Debug;
		};
		198552CD2C7D919E007F2BC2 /* Release */ = {
			isa = XCBuildConfiguration;
			buildSettings = {
				ALWAYS_EMBED_SWIFT_STANDARD_LIBRARIES = YES;
				BUNDLE_LOADER = "$(TEST_HOST)";
				CODE_SIGN_STYLE = Automatic;
				CURRENT_PROJECT_VERSION = 1;
				GENERATE_INFOPLIST_FILE = YES;
				IPHONEOS_DEPLOYMENT_TARGET = 16.4;
				MARKETING_VERSION = 1.0;
				PRODUCT_BUNDLE_IDENTIFIER = com.study.CafeMapTests;
				PRODUCT_NAME = "$(TARGET_NAME)";
				SWIFT_EMIT_LOC_STRINGS = NO;
				SWIFT_VERSION = 5.0;
				TARGETED_DEVICE_FAMILY = "1,2";
				TEST_HOST = "$(BUILT_PRODUCTS_DIR)/CafeMap.app/$(BUNDLE_EXECUTABLE_FOLDER_PATH)/CafeMap";
			};
			name = Release;
		};
		198552CF2C7D919E007F2BC2 /* Debug */ = {
			isa = XCBuildConfiguration;
			buildSettings = {
				ALWAYS_EMBED_SWIFT_STANDARD_LIBRARIES = YES;
				CODE_SIGN_STYLE = Automatic;
				CURRENT_PROJECT_VERSION = 1;
				GENERATE_INFOPLIST_FILE = YES;
				MARKETING_VERSION = 1.0;
				PRODUCT_BUNDLE_IDENTIFIER = com.study.CafeMapUITests;
				PRODUCT_NAME = "$(TARGET_NAME)";
				SWIFT_EMIT_LOC_STRINGS = NO;
				SWIFT_VERSION = 5.0;
				TARGETED_DEVICE_FAMILY = "1,2";
				TEST_TARGET_NAME = CafeMap;
			};
			name = Debug;
		};
		198552D02C7D919E007F2BC2 /* Release */ = {
			isa = XCBuildConfiguration;
			buildSettings = {
				ALWAYS_EMBED_SWIFT_STANDARD_LIBRARIES = YES;
				CODE_SIGN_STYLE = Automatic;
				CURRENT_PROJECT_VERSION = 1;
				GENERATE_INFOPLIST_FILE = YES;
				MARKETING_VERSION = 1.0;
				PRODUCT_BUNDLE_IDENTIFIER = com.study.CafeMapUITests;
				PRODUCT_NAME = "$(TARGET_NAME)";
				SWIFT_EMIT_LOC_STRINGS = NO;
				SWIFT_VERSION = 5.0;
				TARGETED_DEVICE_FAMILY = "1,2";
				TEST_TARGET_NAME = CafeMap;
			};
			name = Release;
		};
/* End XCBuildConfiguration section */

/* Begin XCConfigurationList section */
		1985529F2C7D919D007F2BC2 /* Build configuration list for PBXProject "CafeMap" */ = {
			isa = XCConfigurationList;
			buildConfigurations = (
				198552C62C7D919E007F2BC2 /* Debug */,
				198552C72C7D919E007F2BC2 /* Release */,
			);
			defaultConfigurationIsVisible = 0;
			defaultConfigurationName = Release;
		};
		198552C82C7D919E007F2BC2 /* Build configuration list for PBXNativeTarget "CafeMap" */ = {
			isa = XCConfigurationList;
			buildConfigurations = (
				198552C92C7D919E007F2BC2 /* Debug */,
				198552CA2C7D919E007F2BC2 /* Release */,
			);
			defaultConfigurationIsVisible = 0;
			defaultConfigurationName = Release;
		};
		198552CB2C7D919E007F2BC2 /* Build configuration list for PBXNativeTarget "CafeMapTests" */ = {
			isa = XCConfigurationList;
			buildConfigurations = (
				198552CC2C7D919E007F2BC2 /* Debug */,
				198552CD2C7D919E007F2BC2 /* Release */,
			);
			defaultConfigurationIsVisible = 0;
			defaultConfigurationName = Release;
		};
		198552CE2C7D919E007F2BC2 /* Build configuration list for PBXNativeTarget "CafeMapUITests" */ = {
			isa = XCConfigurationList;
			buildConfigurations = (
				198552CF2C7D919E007F2BC2 /* Debug */,
				198552D02C7D919E007F2BC2 /* Release */,
			);
			defaultConfigurationIsVisible = 0;
			defaultConfigurationName = Release;
		};
/* End XCConfigurationList section */
	};
	rootObject = 1985529C2C7D919D007F2BC2 /* Project object */;
}
